// !$*UTF8*$!
{
	archiveVersion = 1;
	classes = {
	};
	objectVersion = 46;
	objects = {

/* Begin PBXBuildFile section */
		903DF4EFBA3C23DE598CD1F5 /* Pods_MyDaily.framework in Frameworks */ = {isa = PBXBuildFile; fileRef = D6CBC9EE696318054D441A2B /* Pods_MyDaily.framework */; };
		A90EA8B91E481FBC004DABBE /* MDDayDetailViewController.m in Sources */ = {isa = PBXBuildFile; fileRef = A90EA8B81E481FBC004DABBE /* MDDayDetailViewController.m */; };
		A90EA8BC1E4820F9004DABBE /* MDDayPickViewController.m in Sources */ = {isa = PBXBuildFile; fileRef = A90EA8BB1E4820F9004DABBE /* MDDayPickViewController.m */; };
		A9175AD41E49B5CE004E86E5 /* bookcity_back_pressed@2x.png in Resources */ = {isa = PBXBuildFile; fileRef = A9175AD01E49B5CE004E86E5 /* bookcity_back_pressed@2x.png */; };
		A9175AD51E49B5CE004E86E5 /* bookcity_back_pressed@3x.png in Resources */ = {isa = PBXBuildFile; fileRef = A9175AD11E49B5CE004E86E5 /* bookcity_back_pressed@3x.png */; };
		A9175AD61E49B5CE004E86E5 /* bookcity_back@2x.png in Resources */ = {isa = PBXBuildFile; fileRef = A9175AD21E49B5CE004E86E5 /* bookcity_back@2x.png */; };
		A9175AD71E49B5CE004E86E5 /* bookcity_back@3x.png in Resources */ = {isa = PBXBuildFile; fileRef = A9175AD31E49B5CE004E86E5 /* bookcity_back@3x.png */; };
		A9175ADA1E49BB56004E86E5 /* MDDayDetailEditViewController.m in Sources */ = {isa = PBXBuildFile; fileRef = A9175AD91E49BB56004E86E5 /* MDDayDetailEditViewController.m */; };
		A9175ADD1E49BFCE004E86E5 /* MDDayEditTransition.m in Sources */ = {isa = PBXBuildFile; fileRef = A9175ADC1E49BFCE004E86E5 /* MDDayEditTransition.m */; };
		A9175AE01E4AC4D4004E86E5 /* okbutton@2x.png in Resources */ = {isa = PBXBuildFile; fileRef = A9175ADE1E4AC4D4004E86E5 /* okbutton@2x.png */; };
		A9175AE11E4AC4D4004E86E5 /* okbutton@3x.png in Resources */ = {isa = PBXBuildFile; fileRef = A9175ADF1E4AC4D4004E86E5 /* okbutton@3x.png */; };
		A9175AE41E4B1242004E86E5 /* MDDayPreviewTransition.m in Sources */ = {isa = PBXBuildFile; fileRef = A9175AE31E4B1242004E86E5 /* MDDayPreviewTransition.m */; };
		A92B0D231E2E079200BABABC /* LocalAuthentication.framework in Frameworks */ = {isa = PBXBuildFile; fileRef = A92B0D221E2E079200BABABC /* LocalAuthentication.framework */; };
		A92B0D261E2E0B2F00BABABC /* MDTouchIDAuthViewController.m in Sources */ = {isa = PBXBuildFile; fileRef = A92B0D251E2E0B2F00BABABC /* MDTouchIDAuthViewController.m */; };
		A92B0D371E2F444800BABABC /* MDCalendarViewController.m in Sources */ = {isa = PBXBuildFile; fileRef = A92B0D361E2F444800BABABC /* MDCalendarViewController.m */; };
		A97B1BBC1E31AD2500557B34 /* QuartzCore.framework in Frameworks */ = {isa = PBXBuildFile; fileRef = A97B1BBB1E31AD2500557B34 /* QuartzCore.framework */; };
		A97B1BC01E31E23B00557B34 /* MDThemeColorManager.m in Sources */ = {isa = PBXBuildFile; fileRef = A97B1BBF1E31E23B00557B34 /* MDThemeColorManager.m */; };
		A97B1BC61E31E5AF00557B34 /* MDBaseViewController.m in Sources */ = {isa = PBXBuildFile; fileRef = A97B1BC51E31E5AF00557B34 /* MDBaseViewController.m */; };
		A97B1BD21E3200F900557B34 /* MDDefaultTheme.json in Resources */ = {isa = PBXBuildFile; fileRef = A97B1BD11E3200F900557B34 /* MDDefaultTheme.json */; };
		A97B1BD61E320DA700557B34 /* UIColor+MDHexColor.m in Sources */ = {isa = PBXBuildFile; fileRef = A97B1BD51E320DA700557B34 /* UIColor+MDHexColor.m */; };
		A97B1BDA1E3210DD00557B34 /* NSString+MDJSON.m in Sources */ = {isa = PBXBuildFile; fileRef = A97B1BD91E3210DD00557B34 /* NSString+MDJSON.m */; };
		A9A5AABC1E30692E0005E9F5 /* MDDailyEmotionModel.m in Sources */ = {isa = PBXBuildFile; fileRef = A9A5AABB1E30692E0005E9F5 /* MDDailyEmotionModel.m */; };
		A9A5AAC61E3094700005E9F5 /* MDCalendarManager.m in Sources */ = {isa = PBXBuildFile; fileRef = A9A5AAC51E3094700005E9F5 /* MDCalendarManager.m */; };
		A9A5AACA1E30ADD80005E9F5 /* MDStatisticsViewController.m in Sources */ = {isa = PBXBuildFile; fileRef = A9A5AAC91E30ADD80005E9F5 /* MDStatisticsViewController.m */; };
		A9A5AACF1E30BA640005E9F5 /* MDStatisticsManager.m in Sources */ = {isa = PBXBuildFile; fileRef = A9A5AACE1E30BA640005E9F5 /* MDStatisticsManager.m */; };
		A9BDD6CB1D8A640A0044DA0F /* main.m in Sources */ = {isa = PBXBuildFile; fileRef = A9BDD6CA1D8A640A0044DA0F /* main.m */; };
		A9BDD6CE1D8A640A0044DA0F /* AppDelegate.m in Sources */ = {isa = PBXBuildFile; fileRef = A9BDD6CD1D8A640A0044DA0F /* AppDelegate.m */; };
		A9BDD6D91D8A640A0044DA0F /* Assets.xcassets in Resources */ = {isa = PBXBuildFile; fileRef = A9BDD6D81D8A640A0044DA0F /* Assets.xcassets */; };
		A9BDD6DC1D8A640A0044DA0F /* LaunchScreen.storyboard in Resources */ = {isa = PBXBuildFile; fileRef = A9BDD6DA1D8A640A0044DA0F /* LaunchScreen.storyboard */; };
		A9BDD6E51D8A65970044DA0F /* MDMainNavigationViewController.m in Sources */ = {isa = PBXBuildFile; fileRef = A9BDD6E41D8A65970044DA0F /* MDMainNavigationViewController.m */; };
		A9BDD6E81D8A66DF0044DA0F /* APPDelegate+Controllers.m in Sources */ = {isa = PBXBuildFile; fileRef = A9BDD6E71D8A66DF0044DA0F /* APPDelegate+Controllers.m */; };
		A9BDD6F81D8A723F0044DA0F /* tabbar_statistics@3x.png in Resources */ = {isa = PBXBuildFile; fileRef = A9BDD6F61D8A723F0044DA0F /* tabbar_statistics@3x.png */; };
		A9BDD6F91D8A723F0044DA0F /* tabbar_statistics@2x.png in Resources */ = {isa = PBXBuildFile; fileRef = A9BDD6F71D8A723F0044DA0F /* tabbar_statistics@2x.png */; };
		A9BDD7011D8BCE020044DA0F /* tabbar_found@3x.png in Resources */ = {isa = PBXBuildFile; fileRef = A9BDD6FF1D8BCE020044DA0F /* tabbar_found@3x.png */; };
		A9BDD7021D8BCE020044DA0F /* tabbar_found@2x.png in Resources */ = {isa = PBXBuildFile; fileRef = A9BDD7001D8BCE020044DA0F /* tabbar_found@2x.png */; };
		A9BDD7051D8BD3BB0044DA0F /* tabbar_my@3x.png in Resources */ = {isa = PBXBuildFile; fileRef = A9BDD7031D8BD3BB0044DA0F /* tabbar_my@3x.png */; };
		A9BDD7061D8BD3BB0044DA0F /* tabbar_my@2x.png in Resources */ = {isa = PBXBuildFile; fileRef = A9BDD7041D8BD3BB0044DA0F /* tabbar_my@2x.png */; };
		A9BDD7091D8BD4E40044DA0F /* tabbar_calendar@3x.png in Resources */ = {isa = PBXBuildFile; fileRef = A9BDD7071D8BD4E40044DA0F /* tabbar_calendar@3x.png */; };
		A9BDD70A1D8BD4E40044DA0F /* tabbar_calendar@2x.png in Resources */ = {isa = PBXBuildFile; fileRef = A9BDD7081D8BD4E40044DA0F /* tabbar_calendar@2x.png */; };
/* End PBXBuildFile section */

/* Begin PBXFileReference section */
		A90EA8B71E481FBC004DABBE /* MDDayDetailViewController.h */ = {isa = PBXFileReference; fileEncoding = 4; lastKnownFileType = sourcecode.c.h; path = MDDayDetailViewController.h; sourceTree = "<group>"; };
		A90EA8B81E481FBC004DABBE /* MDDayDetailViewController.m */ = {isa = PBXFileReference; fileEncoding = 4; lastKnownFileType = sourcecode.c.objc; path = MDDayDetailViewController.m; sourceTree = "<group>"; };
		A90EA8BA1E4820F9004DABBE /* MDDayPickViewController.h */ = {isa = PBXFileReference; fileEncoding = 4; lastKnownFileType = sourcecode.c.h; path = MDDayPickViewController.h; sourceTree = "<group>"; };
		A90EA8BB1E4820F9004DABBE /* MDDayPickViewController.m */ = {isa = PBXFileReference; fileEncoding = 4; lastKnownFileType = sourcecode.c.objc; path = MDDayPickViewController.m; sourceTree = "<group>"; };
		A9175AD01E49B5CE004E86E5 /* bookcity_back_pressed@2x.png */ = {isa = PBXFileReference; lastKnownFileType = image.png; path = "bookcity_back_pressed@2x.png"; sourceTree = "<group>"; };
		A9175AD11E49B5CE004E86E5 /* bookcity_back_pressed@3x.png */ = {isa = PBXFileReference; lastKnownFileType = image.png; path = "bookcity_back_pressed@3x.png"; sourceTree = "<group>"; };
		A9175AD21E49B5CE004E86E5 /* bookcity_back@2x.png */ = {isa = PBXFileReference; lastKnownFileType = image.png; path = "bookcity_back@2x.png"; sourceTree = "<group>"; };
		A9175AD31E49B5CE004E86E5 /* bookcity_back@3x.png */ = {isa = PBXFileReference; lastKnownFileType = image.png; path = "bookcity_back@3x.png"; sourceTree = "<group>"; };
		A9175AD81E49BB56004E86E5 /* MDDayDetailEditViewController.h */ = {isa = PBXFileReference; fileEncoding = 4; lastKnownFileType = sourcecode.c.h; path = MDDayDetailEditViewController.h; sourceTree = "<group>"; };
		A9175AD91E49BB56004E86E5 /* MDDayDetailEditViewController.m */ = {isa = PBXFileReference; fileEncoding = 4; lastKnownFileType = sourcecode.c.objc; path = MDDayDetailEditViewController.m; sourceTree = "<group>"; };
		A9175ADB1E49BFCE004E86E5 /* MDDayEditTransition.h */ = {isa = PBXFileReference; fileEncoding = 4; lastKnownFileType = sourcecode.c.h; path = MDDayEditTransition.h; sourceTree = "<group>"; };
		A9175ADC1E49BFCE004E86E5 /* MDDayEditTransition.m */ = {isa = PBXFileReference; fileEncoding = 4; lastKnownFileType = sourcecode.c.objc; path = MDDayEditTransition.m; sourceTree = "<group>"; };
		A9175ADE1E4AC4D4004E86E5 /* okbutton@2x.png */ = {isa = PBXFileReference; lastKnownFileType = image.png; path = "okbutton@2x.png"; sourceTree = "<group>"; };
		A9175ADF1E4AC4D4004E86E5 /* okbutton@3x.png */ = {isa = PBXFileReference; lastKnownFileType = image.png; path = "okbutton@3x.png"; sourceTree = "<group>"; };
		A9175AE21E4B1242004E86E5 /* MDDayPreviewTransition.h */ = {isa = PBXFileReference; fileEncoding = 4; lastKnownFileType = sourcecode.c.h; path = MDDayPreviewTransition.h; sourceTree = "<group>"; };
		A9175AE31E4B1242004E86E5 /* MDDayPreviewTransition.m */ = {isa = PBXFileReference; fileEncoding = 4; lastKnownFileType = sourcecode.c.objc; path = MDDayPreviewTransition.m; sourceTree = "<group>"; };
		A92B0D221E2E079200BABABC /* LocalAuthentication.framework */ = {isa = PBXFileReference; lastKnownFileType = wrapper.framework; name = LocalAuthentication.framework; path = System/Library/Frameworks/LocalAuthentication.framework; sourceTree = SDKROOT; };
		A92B0D241E2E0B2F00BABABC /* MDTouchIDAuthViewController.h */ = {isa = PBXFileReference; fileEncoding = 4; lastKnownFileType = sourcecode.c.h; path = MDTouchIDAuthViewController.h; sourceTree = "<group>"; };
		A92B0D251E2E0B2F00BABABC /* MDTouchIDAuthViewController.m */ = {isa = PBXFileReference; fileEncoding = 4; lastKnownFileType = sourcecode.c.objc; path = MDTouchIDAuthViewController.m; sourceTree = "<group>"; };
		A92B0D351E2F444800BABABC /* MDCalendarViewController.h */ = {isa = PBXFileReference; fileEncoding = 4; lastKnownFileType = sourcecode.c.h; path = MDCalendarViewController.h; sourceTree = "<group>"; };
		A92B0D361E2F444800BABABC /* MDCalendarViewController.m */ = {isa = PBXFileReference; fileEncoding = 4; lastKnownFileType = sourcecode.c.objc; path = MDCalendarViewController.m; sourceTree = "<group>"; };
		A92B0D3B1E2F6D4C00BABABC /* MDDailyEmotionInterface.h */ = {isa = PBXFileReference; fileEncoding = 4; lastKnownFileType = sourcecode.c.h; path = MDDailyEmotionInterface.h; sourceTree = "<group>"; };
		A97B1BBB1E31AD2500557B34 /* QuartzCore.framework */ = {isa = PBXFileReference; lastKnownFileType = wrapper.framework; name = QuartzCore.framework; path = System/Library/Frameworks/QuartzCore.framework; sourceTree = SDKROOT; };
		A97B1BBE1E31E23B00557B34 /* MDThemeColorManager.h */ = {isa = PBXFileReference; fileEncoding = 4; lastKnownFileType = sourcecode.c.h; path = MDThemeColorManager.h; sourceTree = "<group>"; };
		A97B1BBF1E31E23B00557B34 /* MDThemeColorManager.m */ = {isa = PBXFileReference; fileEncoding = 4; lastKnownFileType = sourcecode.c.objc; path = MDThemeColorManager.m; sourceTree = "<group>"; };
		A97B1BC41E31E5AF00557B34 /* MDBaseViewController.h */ = {isa = PBXFileReference; fileEncoding = 4; lastKnownFileType = sourcecode.c.h; path = MDBaseViewController.h; sourceTree = "<group>"; };
		A97B1BC51E31E5AF00557B34 /* MDBaseViewController.m */ = {isa = PBXFileReference; fileEncoding = 4; lastKnownFileType = sourcecode.c.objc; path = MDBaseViewController.m; sourceTree = "<group>"; };
		A97B1BD11E3200F900557B34 /* MDDefaultTheme.json */ = {isa = PBXFileReference; fileEncoding = 4; lastKnownFileType = text.json; path = MDDefaultTheme.json; sourceTree = "<group>"; };
		A97B1BD41E320DA700557B34 /* UIColor+MDHexColor.h */ = {isa = PBXFileReference; fileEncoding = 4; lastKnownFileType = sourcecode.c.h; path = "UIColor+MDHexColor.h"; sourceTree = "<group>"; };
		A97B1BD51E320DA700557B34 /* UIColor+MDHexColor.m */ = {isa = PBXFileReference; fileEncoding = 4; lastKnownFileType = sourcecode.c.objc; path = "UIColor+MDHexColor.m"; sourceTree = "<group>"; };
		A97B1BD81E3210DD00557B34 /* NSString+MDJSON.h */ = {isa = PBXFileReference; fileEncoding = 4; lastKnownFileType = sourcecode.c.h; path = "NSString+MDJSON.h"; sourceTree = "<group>"; };
		A97B1BD91E3210DD00557B34 /* NSString+MDJSON.m */ = {isa = PBXFileReference; fileEncoding = 4; lastKnownFileType = sourcecode.c.objc; path = "NSString+MDJSON.m"; sourceTree = "<group>"; };
		A9A5AABA1E30692E0005E9F5 /* MDDailyEmotionModel.h */ = {isa = PBXFileReference; fileEncoding = 4; lastKnownFileType = sourcecode.c.h; path = MDDailyEmotionModel.h; sourceTree = "<group>"; };
		A9A5AABB1E30692E0005E9F5 /* MDDailyEmotionModel.m */ = {isa = PBXFileReference; fileEncoding = 4; lastKnownFileType = sourcecode.c.objc; path = MDDailyEmotionModel.m; sourceTree = "<group>"; };
		A9A5AAC41E3094700005E9F5 /* MDCalendarManager.h */ = {isa = PBXFileReference; fileEncoding = 4; lastKnownFileType = sourcecode.c.h; path = MDCalendarManager.h; sourceTree = "<group>"; };
		A9A5AAC51E3094700005E9F5 /* MDCalendarManager.m */ = {isa = PBXFileReference; fileEncoding = 4; lastKnownFileType = sourcecode.c.objc; path = MDCalendarManager.m; sourceTree = "<group>"; };
		A9A5AAC81E30ADD80005E9F5 /* MDStatisticsViewController.h */ = {isa = PBXFileReference; fileEncoding = 4; lastKnownFileType = sourcecode.c.h; path = MDStatisticsViewController.h; sourceTree = "<group>"; };
		A9A5AAC91E30ADD80005E9F5 /* MDStatisticsViewController.m */ = {isa = PBXFileReference; fileEncoding = 4; lastKnownFileType = sourcecode.c.objc; path = MDStatisticsViewController.m; sourceTree = "<group>"; };
		A9A5AACD1E30BA640005E9F5 /* MDStatisticsManager.h */ = {isa = PBXFileReference; fileEncoding = 4; lastKnownFileType = sourcecode.c.h; path = MDStatisticsManager.h; sourceTree = "<group>"; };
		A9A5AACE1E30BA640005E9F5 /* MDStatisticsManager.m */ = {isa = PBXFileReference; fileEncoding = 4; lastKnownFileType = sourcecode.c.objc; path = MDStatisticsManager.m; sourceTree = "<group>"; };
		A9BDD6C61D8A640A0044DA0F /* MyDaily.app */ = {isa = PBXFileReference; explicitFileType = wrapper.application; includeInIndex = 0; path = MyDaily.app; sourceTree = BUILT_PRODUCTS_DIR; };
		A9BDD6CA1D8A640A0044DA0F /* main.m */ = {isa = PBXFileReference; lastKnownFileType = sourcecode.c.objc; path = main.m; sourceTree = "<group>"; };
		A9BDD6CC1D8A640A0044DA0F /* AppDelegate.h */ = {isa = PBXFileReference; lastKnownFileType = sourcecode.c.h; path = AppDelegate.h; sourceTree = "<group>"; };
		A9BDD6CD1D8A640A0044DA0F /* AppDelegate.m */ = {isa = PBXFileReference; lastKnownFileType = sourcecode.c.objc; path = AppDelegate.m; sourceTree = "<group>"; };
		A9BDD6D81D8A640A0044DA0F /* Assets.xcassets */ = {isa = PBXFileReference; lastKnownFileType = folder.assetcatalog; path = Assets.xcassets; sourceTree = "<group>"; };
		A9BDD6DB1D8A640A0044DA0F /* Base */ = {isa = PBXFileReference; lastKnownFileType = file.storyboard; name = Base; path = Base.lproj/LaunchScreen.storyboard; sourceTree = "<group>"; };
		A9BDD6DD1D8A640A0044DA0F /* Info.plist */ = {isa = PBXFileReference; lastKnownFileType = text.plist.xml; path = Info.plist; sourceTree = "<group>"; };
		A9BDD6E31D8A65970044DA0F /* MDMainNavigationViewController.h */ = {isa = PBXFileReference; fileEncoding = 4; lastKnownFileType = sourcecode.c.h; path = MDMainNavigationViewController.h; sourceTree = "<group>"; };
		A9BDD6E41D8A65970044DA0F /* MDMainNavigationViewController.m */ = {isa = PBXFileReference; fileEncoding = 4; lastKnownFileType = sourcecode.c.objc; path = MDMainNavigationViewController.m; sourceTree = "<group>"; };
		A9BDD6E61D8A66DF0044DA0F /* APPDelegate+Controllers.h */ = {isa = PBXFileReference; fileEncoding = 4; lastKnownFileType = sourcecode.c.h; path = "APPDelegate+Controllers.h"; sourceTree = "<group>"; };
		A9BDD6E71D8A66DF0044DA0F /* APPDelegate+Controllers.m */ = {isa = PBXFileReference; fileEncoding = 4; lastKnownFileType = sourcecode.c.objc; path = "APPDelegate+Controllers.m"; sourceTree = "<group>"; };
		A9BDD6F51D8A70940044DA0F /* UIDefine.h */ = {isa = PBXFileReference; fileEncoding = 4; lastKnownFileType = sourcecode.c.h; path = UIDefine.h; sourceTree = "<group>"; };
		A9BDD6F61D8A723F0044DA0F /* tabbar_statistics@3x.png */ = {isa = PBXFileReference; lastKnownFileType = image.png; path = "tabbar_statistics@3x.png"; sourceTree = "<group>"; };
		A9BDD6F71D8A723F0044DA0F /* tabbar_statistics@2x.png */ = {isa = PBXFileReference; lastKnownFileType = image.png; path = "tabbar_statistics@2x.png"; sourceTree = "<group>"; };
		A9BDD6FF1D8BCE020044DA0F /* tabbar_found@3x.png */ = {isa = PBXFileReference; lastKnownFileType = image.png; path = "tabbar_found@3x.png"; sourceTree = "<group>"; };
		A9BDD7001D8BCE020044DA0F /* tabbar_found@2x.png */ = {isa = PBXFileReference; lastKnownFileType = image.png; path = "tabbar_found@2x.png"; sourceTree = "<group>"; };
		A9BDD7031D8BD3BB0044DA0F /* tabbar_my@3x.png */ = {isa = PBXFileReference; lastKnownFileType = image.png; path = "tabbar_my@3x.png"; sourceTree = "<group>"; };
		A9BDD7041D8BD3BB0044DA0F /* tabbar_my@2x.png */ = {isa = PBXFileReference; lastKnownFileType = image.png; path = "tabbar_my@2x.png"; sourceTree = "<group>"; };
		A9BDD7071D8BD4E40044DA0F /* tabbar_calendar@3x.png */ = {isa = PBXFileReference; lastKnownFileType = image.png; path = "tabbar_calendar@3x.png"; sourceTree = "<group>"; };
		A9BDD7081D8BD4E40044DA0F /* tabbar_calendar@2x.png */ = {isa = PBXFileReference; lastKnownFileType = image.png; path = "tabbar_calendar@2x.png"; sourceTree = "<group>"; };
		ACD083CD96D950CC653F9F47 /* Pods-MyDaily.release.xcconfig */ = {isa = PBXFileReference; includeInIndex = 1; lastKnownFileType = text.xcconfig; name = "Pods-MyDaily.release.xcconfig"; path = "Pods/Target Support Files/Pods-MyDaily/Pods-MyDaily.release.xcconfig"; sourceTree = "<group>"; };
		D27B27C3C00408315A7B128E /* Pods-MyDaily.debug.xcconfig */ = {isa = PBXFileReference; includeInIndex = 1; lastKnownFileType = text.xcconfig; name = "Pods-MyDaily.debug.xcconfig"; path = "Pods/Target Support Files/Pods-MyDaily/Pods-MyDaily.debug.xcconfig"; sourceTree = "<group>"; };
		D6CBC9EE696318054D441A2B /* Pods_MyDaily.framework */ = {isa = PBXFileReference; explicitFileType = wrapper.framework; includeInIndex = 0; path = Pods_MyDaily.framework; sourceTree = BUILT_PRODUCTS_DIR; };
/* End PBXFileReference section */

/* Begin PBXFrameworksBuildPhase section */
		A9BDD6C31D8A640A0044DA0F /* Frameworks */ = {
			isa = PBXFrameworksBuildPhase;
			buildActionMask = 2147483647;
			files = (
				A97B1BBC1E31AD2500557B34 /* QuartzCore.framework in Frameworks */,
				A92B0D231E2E079200BABABC /* LocalAuthentication.framework in Frameworks */,
				903DF4EFBA3C23DE598CD1F5 /* Pods_MyDaily.framework in Frameworks */,
			);
			runOnlyForDeploymentPostprocessing = 0;
		};
/* End PBXFrameworksBuildPhase section */

/* Begin PBXGroup section */
		7F6DEE61B697924449DED81B /* Pods */ = {
			isa = PBXGroup;
			children = (
				D27B27C3C00408315A7B128E /* Pods-MyDaily.debug.xcconfig */,
				ACD083CD96D950CC653F9F47 /* Pods-MyDaily.release.xcconfig */,
			);
			name = Pods;
			sourceTree = "<group>";
		};
		A90EA8B51E481F5E004DABBE /* DayEdit */ = {
			isa = PBXGroup;
			children = (
				A90EA8BA1E4820F9004DABBE /* MDDayPickViewController.h */,
				A90EA8BB1E4820F9004DABBE /* MDDayPickViewController.m */,
				A9175AD81E49BB56004E86E5 /* MDDayDetailEditViewController.h */,
				A9175AD91E49BB56004E86E5 /* MDDayDetailEditViewController.m */,
				A9175ADB1E49BFCE004E86E5 /* MDDayEditTransition.h */,
				A9175ADC1E49BFCE004E86E5 /* MDDayEditTransition.m */,
			);
			name = DayEdit;
			sourceTree = "<group>";
		};
		A90EA8B61E481F95004DABBE /* DayDetail */ = {
			isa = PBXGroup;
			children = (
				A90EA8B71E481FBC004DABBE /* MDDayDetailViewController.h */,
				A90EA8B81E481FBC004DABBE /* MDDayDetailViewController.m */,
				A9175AE21E4B1242004E86E5 /* MDDayPreviewTransition.h */,
				A9175AE31E4B1242004E86E5 /* MDDayPreviewTransition.m */,
			);
			name = DayDetail;
			sourceTree = "<group>";
		};
		A92B0D211E2E079200BABABC /* Frameworks */ = {
			isa = PBXGroup;
			children = (
				A97B1BBB1E31AD2500557B34 /* QuartzCore.framework */,
				A92B0D221E2E079200BABABC /* LocalAuthentication.framework */,
				D6CBC9EE696318054D441A2B /* Pods_MyDaily.framework */,
			);
			name = Frameworks;
			sourceTree = "<group>";
		};
		A92B0D331E2F20FC00BABABC /* TouchIDAuth */ = {
			isa = PBXGroup;
			children = (
				A92B0D241E2E0B2F00BABABC /* MDTouchIDAuthViewController.h */,
				A92B0D251E2E0B2F00BABABC /* MDTouchIDAuthViewController.m */,
			);
			name = TouchIDAuth;
			sourceTree = "<group>";
		};
		A92B0D341E2F211100BABABC /* Calendar */ = {
			isa = PBXGroup;
			children = (
				A9A5AAC31E3094480005E9F5 /* Manager */,
				A9A5AAC21E30943E0005E9F5 /* UI */,
			);
			name = Calendar;
			sourceTree = "<group>";
		};
		A92B0D391E2F5D9900BABABC /* Function */ = {
			isa = PBXGroup;
			children = (
				A90EA8B61E481F95004DABBE /* DayDetail */,
				A90EA8B51E481F5E004DABBE /* DayEdit */,
				A97B1BC11E31E23F00557B34 /* ThemeColor */,
				A9A5AAC71E30ADA50005E9F5 /* Statistics */,
				A92B0D3A1E2F6D1C00BABABC /* DailyEmotion */,
				A92B0D341E2F211100BABABC /* Calendar */,
				A92B0D331E2F20FC00BABABC /* TouchIDAuth */,
			);
			name = Function;
			sourceTree = "<group>";
		};
		A92B0D3A1E2F6D1C00BABABC /* DailyEmotion */ = {
			isa = PBXGroup;
			children = (
				A92B0D3C1E2F6F7C00BABABC /* Model */,
				A92B0D3B1E2F6D4C00BABABC /* MDDailyEmotionInterface.h */,
			);
			name = DailyEmotion;
			sourceTree = "<group>";
		};
		A92B0D3C1E2F6F7C00BABABC /* Model */ = {
			isa = PBXGroup;
			children = (
				A9A5AABA1E30692E0005E9F5 /* MDDailyEmotionModel.h */,
				A9A5AABB1E30692E0005E9F5 /* MDDailyEmotionModel.m */,
			);
			name = Model;
			sourceTree = "<group>";
		};
		A97B1BBD1E31E20F00557B34 /* Utility */ = {
			isa = PBXGroup;
			children = (
				A97B1BD71E3210B900557B34 /* String */,
				A97B1BD31E320D6E00557B34 /* Color */,
				A97B1BC21E31E58B00557B34 /* MDBaseViewController */,
			);
			name = Utility;
			sourceTree = "<group>";
		};
		A97B1BC11E31E23F00557B34 /* ThemeColor */ = {
			isa = PBXGroup;
			children = (
				A97B1BBE1E31E23B00557B34 /* MDThemeColorManager.h */,
				A97B1BBF1E31E23B00557B34 /* MDThemeColorManager.m */,
			);
			name = ThemeColor;
			sourceTree = "<group>";
		};
		A97B1BC21E31E58B00557B34 /* MDBaseViewController */ = {
			isa = PBXGroup;
			children = (
				A97B1BC41E31E5AF00557B34 /* MDBaseViewController.h */,
				A97B1BC51E31E5AF00557B34 /* MDBaseViewController.m */,
			);
			name = MDBaseViewController;
			sourceTree = "<group>";
		};
		A97B1BCC1E32008C00557B34 /* Theme */ = {
			isa = PBXGroup;
			children = (
				A97B1BD11E3200F900557B34 /* MDDefaultTheme.json */,
			);
			name = Theme;
			sourceTree = "<group>";
		};
		A97B1BD31E320D6E00557B34 /* Color */ = {
			isa = PBXGroup;
			children = (
				A97B1BD41E320DA700557B34 /* UIColor+MDHexColor.h */,
				A97B1BD51E320DA700557B34 /* UIColor+MDHexColor.m */,
			);
			name = Color;
			sourceTree = "<group>";
		};
		A97B1BD71E3210B900557B34 /* String */ = {
			isa = PBXGroup;
			children = (
				A97B1BD81E3210DD00557B34 /* NSString+MDJSON.h */,
				A97B1BD91E3210DD00557B34 /* NSString+MDJSON.m */,
			);
			name = String;
			sourceTree = "<group>";
		};
		A9A5AAC21E30943E0005E9F5 /* UI */ = {
			isa = PBXGroup;
			children = (
				A92B0D351E2F444800BABABC /* MDCalendarViewController.h */,
				A92B0D361E2F444800BABABC /* MDCalendarViewController.m */,
			);
			name = UI;
			sourceTree = "<group>";
		};
		A9A5AAC31E3094480005E9F5 /* Manager */ = {
			isa = PBXGroup;
			children = (
				A9A5AAC41E3094700005E9F5 /* MDCalendarManager.h */,
				A9A5AAC51E3094700005E9F5 /* MDCalendarManager.m */,
			);
			name = Manager;
			sourceTree = "<group>";
		};
		A9A5AAC71E30ADA50005E9F5 /* Statistics */ = {
			isa = PBXGroup;
			children = (
				A9A5AACC1E30B8E90005E9F5 /* Manager */,
				A9A5AACB1E30B8E00005E9F5 /* UI */,
			);
			name = Statistics;
			sourceTree = "<group>";
		};
		A9A5AACB1E30B8E00005E9F5 /* UI */ = {
			isa = PBXGroup;
			children = (
				A9A5AAC81E30ADD80005E9F5 /* MDStatisticsViewController.h */,
				A9A5AAC91E30ADD80005E9F5 /* MDStatisticsViewController.m */,
			);
			name = UI;
			sourceTree = "<group>";
		};
		A9A5AACC1E30B8E90005E9F5 /* Manager */ = {
			isa = PBXGroup;
			children = (
				A9A5AACD1E30BA640005E9F5 /* MDStatisticsManager.h */,
				A9A5AACE1E30BA640005E9F5 /* MDStatisticsManager.m */,
			);
			name = Manager;
			sourceTree = "<group>";
		};
		A9BDD6BD1D8A640A0044DA0F = {
			isa = PBXGroup;
			children = (
				A9BDD6E91D8A70190044DA0F /* resources */,
				A9BDD6C81D8A640A0044DA0F /* MyDaily */,
				A9BDD6C71D8A640A0044DA0F /* Products */,
				A92B0D211E2E079200BABABC /* Frameworks */,
				7F6DEE61B697924449DED81B /* Pods */,
			);
			sourceTree = "<group>";
		};
		A9BDD6C71D8A640A0044DA0F /* Products */ = {
			isa = PBXGroup;
			children = (
				A9BDD6C61D8A640A0044DA0F /* MyDaily.app */,
			);
			name = Products;
			sourceTree = "<group>";
		};
		A9BDD6C81D8A640A0044DA0F /* MyDaily */ = {
			isa = PBXGroup;
			children = (
				A97B1BBD1E31E20F00557B34 /* Utility */,
				A92B0D391E2F5D9900BABABC /* Function */,
				A9BDD6CC1D8A640A0044DA0F /* AppDelegate.h */,
				A9BDD6CD1D8A640A0044DA0F /* AppDelegate.m */,
				A9BDD6F51D8A70940044DA0F /* UIDefine.h */,
				A9BDD6E61D8A66DF0044DA0F /* APPDelegate+Controllers.h */,
				A9BDD6E71D8A66DF0044DA0F /* APPDelegate+Controllers.m */,
				A9BDD6E31D8A65970044DA0F /* MDMainNavigationViewController.h */,
				A9BDD6E41D8A65970044DA0F /* MDMainNavigationViewController.m */,
				A9BDD6D81D8A640A0044DA0F /* Assets.xcassets */,
				A9BDD6DA1D8A640A0044DA0F /* LaunchScreen.storyboard */,
				A9BDD6DD1D8A640A0044DA0F /* Info.plist */,
				A9BDD6C91D8A640A0044DA0F /* Supporting Files */,
			);
			path = MyDaily;
			sourceTree = "<group>";
		};
		A9BDD6C91D8A640A0044DA0F /* Supporting Files */ = {
			isa = PBXGroup;
			children = (
				A9BDD6CA1D8A640A0044DA0F /* main.m */,
			);
			name = "Supporting Files";
			sourceTree = "<group>";
		};
		A9BDD6E91D8A70190044DA0F /* resources */ = {
			isa = PBXGroup;
			children = (
				A97B1BCC1E32008C00557B34 /* Theme */,
				A9BDD6EA1D8A70240044DA0F /* images */,
			);
			name = resources;
			sourceTree = "<group>";
		};
		A9BDD6EA1D8A70240044DA0F /* images */ = {
			isa = PBXGroup;
			children = (
				A9175ADE1E4AC4D4004E86E5 /* okbutton@2x.png */,
				A9175ADF1E4AC4D4004E86E5 /* okbutton@3x.png */,
				A9175AD01E49B5CE004E86E5 /* bookcity_back_pressed@2x.png */,
				A9175AD11E49B5CE004E86E5 /* bookcity_back_pressed@3x.png */,
				A9175AD21E49B5CE004E86E5 /* bookcity_back@2x.png */,
				A9175AD31E49B5CE004E86E5 /* bookcity_back@3x.png */,
				A9BDD7071D8BD4E40044DA0F /* tabbar_calendar@3x.png */,
				A9BDD7081D8BD4E40044DA0F /* tabbar_calendar@2x.png */,
				A9BDD6F61D8A723F0044DA0F /* tabbar_statistics@3x.png */,
				A9BDD6F71D8A723F0044DA0F /* tabbar_statistics@2x.png */,
				A9BDD6FF1D8BCE020044DA0F /* tabbar_found@3x.png */,
				A9BDD7001D8BCE020044DA0F /* tabbar_found@2x.png */,
				A9BDD7031D8BD3BB0044DA0F /* tabbar_my@3x.png */,
				A9BDD7041D8BD3BB0044DA0F /* tabbar_my@2x.png */,
			);
			name = images;
			sourceTree = "<group>";
		};
/* End PBXGroup section */

/* Begin PBXNativeTarget section */
		A9BDD6C51D8A640A0044DA0F /* MyDaily */ = {
			isa = PBXNativeTarget;
			buildConfigurationList = A9BDD6E01D8A640A0044DA0F /* Build configuration list for PBXNativeTarget "MyDaily" */;
			buildPhases = (
				E6BCB6F1A03737E3C4EDED6F /* [CP] Check Pods Manifest.lock */,
				A9BDD6C21D8A640A0044DA0F /* Sources */,
				A9BDD6C31D8A640A0044DA0F /* Frameworks */,
				A9BDD6C41D8A640A0044DA0F /* Resources */,
				05E63D894621ACD25917D246 /* [CP] Embed Pods Frameworks */,
				B3A68134AAEBA975CDB54C85 /* [CP] Copy Pods Resources */,
			);
			buildRules = (
			);
			dependencies = (
			);
			name = MyDaily;
			productName = MyDaily;
			productReference = A9BDD6C61D8A640A0044DA0F /* MyDaily.app */;
			productType = "com.apple.product-type.application";
		};
/* End PBXNativeTarget section */

/* Begin PBXProject section */
		A9BDD6BE1D8A640A0044DA0F /* Project object */ = {
			isa = PBXProject;
			attributes = {
				LastUpgradeCheck = 0800;
				ORGANIZATIONNAME = gaoyang;
				TargetAttributes = {
					A9BDD6C51D8A640A0044DA0F = {
						CreatedOnToolsVersion = 7.3.1;
						DevelopmentTeam = E5S98A88N2;
					};
				};
			};
			buildConfigurationList = A9BDD6C11D8A640A0044DA0F /* Build configuration list for PBXProject "MyDaily" */;
			compatibilityVersion = "Xcode 3.2";
			developmentRegion = English;
			hasScannedForEncodings = 0;
			knownRegions = (
				en,
				Base,
			);
			mainGroup = A9BDD6BD1D8A640A0044DA0F;
			productRefGroup = A9BDD6C71D8A640A0044DA0F /* Products */;
			projectDirPath = "";
			projectRoot = "";
			targets = (
				A9BDD6C51D8A640A0044DA0F /* MyDaily */,
			);
		};
/* End PBXProject section */

/* Begin PBXResourcesBuildPhase section */
		A9BDD6C41D8A640A0044DA0F /* Resources */ = {
			isa = PBXResourcesBuildPhase;
			buildActionMask = 2147483647;
			files = (
				A9BDD6F81D8A723F0044DA0F /* tabbar_statistics@3x.png in Resources */,
				A9BDD7091D8BD4E40044DA0F /* tabbar_calendar@3x.png in Resources */,
				A9175AE01E4AC4D4004E86E5 /* okbutton@2x.png in Resources */,
				A9BDD7011D8BCE020044DA0F /* tabbar_found@3x.png in Resources */,
				A9175AE11E4AC4D4004E86E5 /* okbutton@3x.png in Resources */,
				A97B1BD21E3200F900557B34 /* MDDefaultTheme.json in Resources */,
				A9175AD51E49B5CE004E86E5 /* bookcity_back_pressed@3x.png in Resources */,
				A9BDD7061D8BD3BB0044DA0F /* tabbar_my@2x.png in Resources */,
				A9BDD7051D8BD3BB0044DA0F /* tabbar_my@3x.png in Resources */,
				A9BDD6DC1D8A640A0044DA0F /* LaunchScreen.storyboard in Resources */,
				A9BDD6D91D8A640A0044DA0F /* Assets.xcassets in Resources */,
				A9175AD71E49B5CE004E86E5 /* bookcity_back@3x.png in Resources */,
				A9175AD61E49B5CE004E86E5 /* bookcity_back@2x.png in Resources */,
				A9BDD6F91D8A723F0044DA0F /* tabbar_statistics@2x.png in Resources */,
				A9BDD70A1D8BD4E40044DA0F /* tabbar_calendar@2x.png in Resources */,
				A9175AD41E49B5CE004E86E5 /* bookcity_back_pressed@2x.png in Resources */,
				A9BDD7021D8BCE020044DA0F /* tabbar_found@2x.png in Resources */,
			);
			runOnlyForDeploymentPostprocessing = 0;
		};
/* End PBXResourcesBuildPhase section */

/* Begin PBXShellScriptBuildPhase section */
		05E63D894621ACD25917D246 /* [CP] Embed Pods Frameworks */ = {
			isa = PBXShellScriptBuildPhase;
			buildActionMask = 2147483647;
			files = (
			);
			inputPaths = (
			);
			name = "[CP] Embed Pods Frameworks";
			outputPaths = (
			);
			runOnlyForDeploymentPostprocessing = 0;
			shellPath = /bin/sh;
			shellScript = "\"${SRCROOT}/Pods/Target Support Files/Pods-MyDaily/Pods-MyDaily-frameworks.sh\"\n";
			showEnvVarsInLog = 0;
		};
		B3A68134AAEBA975CDB54C85 /* [CP] Copy Pods Resources */ = {
			isa = PBXShellScriptBuildPhase;
			buildActionMask = 2147483647;
			files = (
			);
			inputPaths = (
			);
			name = "[CP] Copy Pods Resources";
			outputPaths = (
			);
			runOnlyForDeploymentPostprocessing = 0;
			shellPath = /bin/sh;
			shellScript = "\"${SRCROOT}/Pods/Target Support Files/Pods-MyDaily/Pods-MyDaily-resources.sh\"\n";
			showEnvVarsInLog = 0;
		};
		E6BCB6F1A03737E3C4EDED6F /* [CP] Check Pods Manifest.lock */ = {
			isa = PBXShellScriptBuildPhase;
			buildActionMask = 2147483647;
			files = (
			);
			inputPaths = (
			);
			name = "[CP] Check Pods Manifest.lock";
			outputPaths = (
			);
			runOnlyForDeploymentPostprocessing = 0;
			shellPath = /bin/sh;
			shellScript = "diff \"${PODS_ROOT}/../Podfile.lock\" \"${PODS_ROOT}/Manifest.lock\" > /dev/null\nif [[ $? != 0 ]] ; then\n    cat << EOM\nerror: The sandbox is not in sync with the Podfile.lock. Run 'pod install' or update your CocoaPods installation.\nEOM\n    exit 1\nfi\n";
			showEnvVarsInLog = 0;
		};
/* End PBXShellScriptBuildPhase section */

/* Begin PBXSourcesBuildPhase section */
		A9BDD6C21D8A640A0044DA0F /* Sources */ = {
			isa = PBXSourcesBuildPhase;
			buildActionMask = 2147483647;
			files = (
				A92B0D261E2E0B2F00BABABC /* MDTouchIDAuthViewController.m in Sources */,
				A9BDD6E51D8A65970044DA0F /* MDMainNavigationViewController.m in Sources */,
				A9175AE41E4B1242004E86E5 /* MDDayPreviewTransition.m in Sources */,
				A9A5AABC1E30692E0005E9F5 /* MDDailyEmotionModel.m in Sources */,
				A9BDD6CE1D8A640A0044DA0F /* AppDelegate.m in Sources */,
				A9175ADD1E49BFCE004E86E5 /* MDDayEditTransition.m in Sources */,
				A97B1BC61E31E5AF00557B34 /* MDBaseViewController.m in Sources */,
				A9A5AACA1E30ADD80005E9F5 /* MDStatisticsViewController.m in Sources */,
				A9A5AACF1E30BA640005E9F5 /* MDStatisticsManager.m in Sources */,
				A90EA8B91E481FBC004DABBE /* MDDayDetailViewController.m in Sources */,
				A9A5AAC61E3094700005E9F5 /* MDCalendarManager.m in Sources */,
				A90EA8BC1E4820F9004DABBE /* MDDayPickViewController.m in Sources */,
				A9BDD6E81D8A66DF0044DA0F /* APPDelegate+Controllers.m in Sources */,
				A97B1BC01E31E23B00557B34 /* MDThemeColorManager.m in Sources */,
				A9BDD6CB1D8A640A0044DA0F /* main.m in Sources */,
				A92B0D371E2F444800BABABC /* MDCalendarViewController.m in Sources */,
				A97B1BDA1E3210DD00557B34 /* NSString+MDJSON.m in Sources */,
				A97B1BD61E320DA700557B34 /* UIColor+MDHexColor.m in Sources */,
				A9175ADA1E49BB56004E86E5 /* MDDayDetailEditViewController.m in Sources */,
			);
			runOnlyForDeploymentPostprocessing = 0;
		};
/* End PBXSourcesBuildPhase section */

/* Begin PBXVariantGroup section */
		A9BDD6DA1D8A640A0044DA0F /* LaunchScreen.storyboard */ = {
			isa = PBXVariantGroup;
			children = (
				A9BDD6DB1D8A640A0044DA0F /* Base */,
			);
			name = LaunchScreen.storyboard;
			sourceTree = "<group>";
		};
/* End PBXVariantGroup section */

/* Begin XCBuildConfiguration section */
		A9BDD6DE1D8A640A0044DA0F /* Debug */ = {
			isa = XCBuildConfiguration;
			buildSettings = {
				ALWAYS_SEARCH_USER_PATHS = NO;
				CLANG_ANALYZER_NONNULL = YES;
				CLANG_CXX_LANGUAGE_STANDARD = "gnu++0x";
				CLANG_CXX_LIBRARY = "libc++";
				CLANG_ENABLE_MODULES = YES;
				CLANG_ENABLE_OBJC_ARC = YES;
				CLANG_WARN_BOOL_CONVERSION = YES;
				CLANG_WARN_CONSTANT_CONVERSION = YES;
				CLANG_WARN_DIRECT_OBJC_ISA_USAGE = YES_ERROR;
				CLANG_WARN_EMPTY_BODY = YES;
				CLANG_WARN_ENUM_CONVERSION = YES;
				CLANG_WARN_INFINITE_RECURSION = YES;
				CLANG_WARN_INT_CONVERSION = YES;
				CLANG_WARN_OBJC_ROOT_CLASS = YES_ERROR;
				CLANG_WARN_SUSPICIOUS_MOVE = YES;
				CLANG_WARN_UNREACHABLE_CODE = YES;
				CLANG_WARN__DUPLICATE_METHOD_MATCH = YES;
				"CODE_SIGN_IDENTITY[sdk=iphoneos*]" = "iPhone Developer";
				COPY_PHASE_STRIP = NO;
				DEBUG_INFORMATION_FORMAT = dwarf;
				ENABLE_STRICT_OBJC_MSGSEND = YES;
				ENABLE_TESTABILITY = YES;
				GCC_C_LANGUAGE_STANDARD = gnu99;
				GCC_DYNAMIC_NO_PIC = NO;
				GCC_NO_COMMON_BLOCKS = YES;
				GCC_OPTIMIZATION_LEVEL = 0;
				GCC_PREPROCESSOR_DEFINITIONS = (
					"DEBUG=1",
					"$(inherited)",
				);
				GCC_WARN_64_TO_32_BIT_CONVERSION = YES;
				GCC_WARN_ABOUT_RETURN_TYPE = YES_ERROR;
				GCC_WARN_UNDECLARED_SELECTOR = YES;
				GCC_WARN_UNINITIALIZED_AUTOS = YES_AGGRESSIVE;
				GCC_WARN_UNUSED_FUNCTION = YES;
				GCC_WARN_UNUSED_VARIABLE = YES;
				IPHONEOS_DEPLOYMENT_TARGET = 9.3;
				MTL_ENABLE_DEBUG_INFO = YES;
				ONLY_ACTIVE_ARCH = YES;
				SDKROOT = iphoneos;
			};
			name = Debug;
		};
		A9BDD6DF1D8A640A0044DA0F /* Release */ = {
			isa = XCBuildConfiguration;
			buildSettings = {
				ALWAYS_SEARCH_USER_PATHS = NO;
				CLANG_ANALYZER_NONNULL = YES;
				CLANG_CXX_LANGUAGE_STANDARD = "gnu++0x";
				CLANG_CXX_LIBRARY = "libc++";
				CLANG_ENABLE_MODULES = YES;
				CLANG_ENABLE_OBJC_ARC = YES;
				CLANG_WARN_BOOL_CONVERSION = YES;
				CLANG_WARN_CONSTANT_CONVERSION = YES;
				CLANG_WARN_DIRECT_OBJC_ISA_USAGE = YES_ERROR;
				CLANG_WARN_EMPTY_BODY = YES;
				CLANG_WARN_ENUM_CONVERSION = YES;
				CLANG_WARN_INFINITE_RECURSION = YES;
				CLANG_WARN_INT_CONVERSION = YES;
				CLANG_WARN_OBJC_ROOT_CLASS = YES_ERROR;
				CLANG_WARN_SUSPICIOUS_MOVE = YES;
				CLANG_WARN_UNREACHABLE_CODE = YES;
				CLANG_WARN__DUPLICATE_METHOD_MATCH = YES;
				"CODE_SIGN_IDENTITY[sdk=iphoneos*]" = "iPhone Developer";
				COPY_PHASE_STRIP = NO;
				DEBUG_INFORMATION_FORMAT = "dwarf-with-dsym";
				ENABLE_NS_ASSERTIONS = NO;
				ENABLE_STRICT_OBJC_MSGSEND = YES;
				GCC_C_LANGUAGE_STANDARD = gnu99;
				GCC_NO_COMMON_BLOCKS = YES;
				GCC_WARN_64_TO_32_BIT_CONVERSION = YES;
				GCC_WARN_ABOUT_RETURN_TYPE = YES_ERROR;
				GCC_WARN_UNDECLARED_SELECTOR = YES;
				GCC_WARN_UNINITIALIZED_AUTOS = YES_AGGRESSIVE;
				GCC_WARN_UNUSED_FUNCTION = YES;
				GCC_WARN_UNUSED_VARIABLE = YES;
				IPHONEOS_DEPLOYMENT_TARGET = 9.3;
				MTL_ENABLE_DEBUG_INFO = NO;
				SDKROOT = iphoneos;
				VALIDATE_PRODUCT = YES;
			};
			name = Release;
		};
		A9BDD6E11D8A640A0044DA0F /* Debug */ = {
			isa = XCBuildConfiguration;
			baseConfigurationReference = D27B27C3C00408315A7B128E /* Pods-MyDaily.debug.xcconfig */;
			buildSettings = {
				ALWAYS_EMBED_SWIFT_STANDARD_LIBRARIES = YES;
				ASSETCATALOG_COMPILER_APPICON_NAME = AppIcon;
				DEVELOPMENT_TEAM = E5S98A88N2;
				GCC_PRECOMPILE_PREFIX_HEADER = NO;
				GCC_PREFIX_HEADER = "";
				INFOPLIST_FILE = MyDaily/Info.plist;
				LD_RUNPATH_SEARCH_PATHS = "$(inherited) @executable_path/Frameworks";
				PRODUCT_BUNDLE_IDENTIFIER = personal.MyDaily;
				PRODUCT_NAME = "$(TARGET_NAME)";
			};
			name = Debug;
		};
		A9BDD6E21D8A640A0044DA0F /* Release */ = {
			isa = XCBuildConfiguration;
			baseConfigurationReference = ACD083CD96D950CC653F9F47 /* Pods-MyDaily.release.xcconfig */;
			buildSettings = {
				ALWAYS_EMBED_SWIFT_STANDARD_LIBRARIES = YES;
				ASSETCATALOG_COMPILER_APPICON_NAME = AppIcon;
				DEVELOPMENT_TEAM = E5S98A88N2;
				GCC_PRECOMPILE_PREFIX_HEADER = NO;
				GCC_PREFIX_HEADER = "";
				INFOPLIST_FILE = MyDaily/Info.plist;
				LD_RUNPATH_SEARCH_PATHS = "$(inherited) @executable_path/Frameworks";
				PRODUCT_BUNDLE_IDENTIFIER = personal.MyDaily;
				PRODUCT_NAME = "$(TARGET_NAME)";
			};
			name = Release;
		};
/* End XCBuildConfiguration section */

/* Begin XCConfigurationList section */
		A9BDD6C11D8A640A0044DA0F /* Build configuration list for PBXProject "MyDaily" */ = {
			isa = XCConfigurationList;
			buildConfigurations = (
				A9BDD6DE1D8A640A0044DA0F /* Debug */,
				A9BDD6DF1D8A640A0044DA0F /* Release */,
			);
			defaultConfigurationIsVisible = 0;
			defaultConfigurationName = Release;
		};
		A9BDD6E01D8A640A0044DA0F /* Build configuration list for PBXNativeTarget "MyDaily" */ = {
			isa = XCConfigurationList;
			buildConfigurations = (
				A9BDD6E11D8A640A0044DA0F /* Debug */,
				A9BDD6E21D8A640A0044DA0F /* Release */,
			);
			defaultConfigurationIsVisible = 0;
			defaultConfigurationName = Release;
		};
/* End XCConfigurationList section */
	};
	rootObject = A9BDD6BE1D8A640A0044DA0F /* Project object */;
}
